
Microsoft Visual Studio Solution File, Format Version 12.00
# Visual Studio Version 17
VisualStudioVersion = 17.1.32407.343
MinimumVisualStudioVersion = 10.0.40219.1
Project("{8BC9CEB8-8B4A-11D0-8D11-00A0C91BC942}") = "Center_of_Accident", "VS\Center_of_Accident.vcxproj", "{7BC3E36A-60AD-447F-A8CA-7C830C926445}"
EndProject
Project("{8BC9CEB8-8B4A-11D0-8D11-00A0C91BC942}") = "Autogeneration", "Autogeneration\Autogeneration.vcxproj", "{3193BF72-1846-4FBC-B1C6-4513A799ECFF}"
EndProject
Global
	GlobalSection(SolutionConfigurationPlatforms) = preSolution
		Debug|x64 = Debug|x64
		Debug|x86 = Debug|x86
		Release|x64 = Release|x64
		Release|x86 = Release|x86
	EndGlobalSection
	GlobalSection(ProjectConfigurationPlatforms) = postSolution
		{7BC3E36A-60AD-447F-A8CA-7C830C926445}.Debug|x64.ActiveCfg = Debug|x64
		{7BC3E36A-60AD-447F-A8CA-7C830C926445}.Debug|x64.Build.0 = Debug|x64
		{7BC3E36A-60AD-447F-A8CA-7C830C926445}.Debug|x86.ActiveCfg = Debug|Win32
		{7BC3E36A-60AD-447F-A8CA-7C830C926445}.Debug|x86.Build.0 = Debug|Win32
		{7BC3E36A-60AD-447F-A8CA-7C830C926445}.Release|x64.ActiveCfg = Release|x64
		{7BC3E36A-60AD-447F-A8CA-7C830C926445}.Release|x64.Build.0 = Release|x64
		{7BC3E36A-60AD-447F-A8CA-7C830C926445}.Release|x86.ActiveCfg = Release|Win32
		{7BC3E36A-60AD-447F-A8CA-7C830C926445}.Release|x86.Build.0 = Release|Win32
		{3193BF72-1846-4FBC-B1C6-4513A799ECFF}.Debug|x64.ActiveCfg = Debug|x64
		{3193BF72-1846-4FBC-B1C6-4513A799ECFF}.Debug|x64.Build.0 = Debug|x64
		{3193BF72-1846-4FBC-B1C6-4513A799ECFF}.Debug|x86.ActiveCfg = Debug|Win32
		{3193BF72-1846-4FBC-B1C6-4513A799ECFF}.Debug|x86.Build.0 = Debug|Win32
		{3193BF72-1846-4FBC-B1C6-4513A799ECFF}.Release|x64.ActiveCfg = Release|x64
		{3193BF72-1846-4FBC-B1C6-4513A799ECFF}.Release|x64.Build.0 = Release|x64
		{3193BF72-1846-4FBC-B1C6-4513A799ECFF}.Release|x86.ActiveCfg = Release|Win32
		{3193BF72-1846-4FBC-B1C6-4513A799ECFF}.Release|x86.Build.0 = Release|Win32
	EndGlobalSection
	GlobalSection(SolutionProperties) = preSolution
		HideSolutionNode = FALSE
	EndGlobalSection
	GlobalSection(ExtensibilityGlobals) = postSolution
		SolutionGuid = {F17E89D3-4051-49F0-BDDF-3B1E9C2F36B7}
	EndGlobalSection
EndGlobal
